
Microsoft Visual Studio Solution File, Format Version 12.00
# Visual Studio Version 17
VisualStudioVersion = 17.9.34616.47
MinimumVisualStudioVersion = 10.0.40219.1
Project("{FAE04EC0-301F-11D3-BF4B-00C04F79EFBC}") = "pooControleDeNotas", "pooControleDeNotas\pooControleDeNotas.csproj", "{E01A2160-082F-4175-BA7D-4A0C5AD00E95}"
EndProject
Global
	GlobalSection(SolutionConfigurationPlatforms) = preSolution
		Debug|Any CPU = Debug|Any CPU
		Release|Any CPU = Release|Any CPU
	EndGlobalSection
	GlobalSection(ProjectConfigurationPlatforms) = postSolution
		{E01A2160-082F-4175-BA7D-4A0C5AD00E95}.Debug|Any CPU.ActiveCfg = Debug|Any CPU
		{E01A2160-082F-4175-BA7D-4A0C5AD00E95}.Debug|Any CPU.Build.0 = Debug|Any CPU
		{E01A2160-082F-4175-BA7D-4A0C5AD00E95}.Release|Any CPU.ActiveCfg = Release|Any CPU
		{E01A2160-082F-4175-BA7D-4A0C5AD00E95}.Release|Any CPU.Build.0 = Release|Any CPU
	EndGlobalSection
	GlobalSection(SolutionProperties) = preSolution
		HideSolutionNode = FALSE
	EndGlobalSection
	GlobalSection(ExtensibilityGlobals) = postSolution
		SolutionGuid = {79DC9BBC-0D36-475A-8766-B256EF1859D3}
	EndGlobalSection
EndGlobal
